{
  "name": "script",
  "version": "1.0.0",
  "lockfileVersion": 2,
  "requires": true,
  "packages": {
    "": {
      "version": "1.0.0",
      "dependencies": {
        "@actions/core": "^1.3.0",
        "@actions/github": "^5.0.0",
        "@octokit/rest": "^18.5.6",
        "@types/node": "^15.12.1",
        "deep-object-diff": "^1.1.0",
        "got": "^11.8.2",
        "ts-node": "^10.0.0",
        "yaml": "^1.10.2"
      },
      "devDependencies": {
        "typescript": "^4.3.2"
      }
    },
    "node_modules/@actions/core": {
      "version": "1.4.0",
      "resolved": "https://greenlight.jfrog.io/artifactory/api/npm/npm/@actions/core/-/core-1.4.0.tgz",
      "integrity": "sha1-zy5u4xfjFLA4hq3+sg5EjVDW5SQ=",
      "license": "MIT"
    },
    "node_modules/@actions/github": {
      "version": "5.0.0",
      "resolved": "https://greenlight.jfrog.io/artifactory/api/npm/npm/@actions/github/-/github-5.0.0.tgz",
      "integrity": "sha1-F1QSeXbFC9iLLpBfENIE120Ucvg=",
      "license": "MIT",
      "dependencies": {
        "@actions/http-client": "^1.0.11",
        "@octokit/core": "^3.4.0",
        "@octokit/plugin-paginate-rest": "^2.13.3",
        "@octokit/plugin-rest-endpoint-methods": "^5.1.1"
      }
    },
    "node_modules/@actions/http-client": {
      "version": "1.0.11",
      "resolved": "https://greenlight.jfrog.io/artifactory/api/npm/npm/@actions/http-client/-/http-client-1.0.11.tgz",
      "integrity": "sha1-xYsS6aqLFZ7jnn3Wy9DpHZBWM8A=",
      "license": "MIT",
      "dependencies": {
        "tunnel": "0.0.6"
      }
    },
    "node_modules/@octokit/auth-token": {
      "version": "2.4.5",
      "resolved": "https://greenlight.jfrog.io/artifactory/api/npm/npm/@octokit/auth-token/-/auth-token-2.4.5.tgz",
      "integrity": "sha1-VozPuMtG82RB+sCUzjT3qHWxl/M=",
      "license": "MIT",
      "dependencies": {
        "@octokit/types": "^6.0.3"
      }
    },
    "node_modules/@octokit/core": {
      "version": "3.5.1",
      "resolved": "https://greenlight.jfrog.io/artifactory/api/npm/npm/@octokit/core/-/core-3.5.1.tgz",
      "integrity": "sha1-hgHO6x7A4bG4IXuWCkE+2OlHgJs=",
      "license": "MIT",
      "dependencies": {
        "@octokit/auth-token": "^2.4.4",
        "@octokit/graphql": "^4.5.8",
        "@octokit/request": "^5.6.0",
        "@octokit/request-error": "^2.0.5",
        "@octokit/types": "^6.0.3",
        "before-after-hook": "^2.2.0",
        "universal-user-agent": "^6.0.0"
      }
    },
    "node_modules/@octokit/endpoint": {
      "version": "6.0.12",
      "resolved": "https://greenlight.jfrog.io/artifactory/api/npm/npm/@octokit/endpoint/-/endpoint-6.0.12.tgz",
      "integrity": "sha1-O01HpLDnmxAn+4111CIZKLLQVlg=",
      "license": "MIT",
      "dependencies": {
        "@octokit/types": "^6.0.3",
        "is-plain-object": "^5.0.0",
        "universal-user-agent": "^6.0.0"
      }
    },
    "node_modules/@octokit/graphql": {
      "version": "4.6.4",
      "resolved": "https://greenlight.jfrog.io/artifactory/api/npm/npm/@octokit/graphql/-/graphql-4.6.4.tgz",
      "integrity": "sha1-DD9b7UQIIhgulyMXEirLZdMRpe0=",
      "license": "MIT",
      "dependencies": {
        "@octokit/request": "^5.6.0",
        "@octokit/types": "^6.0.3",
        "universal-user-agent": "^6.0.0"
      }
    },
    "node_modules/@octokit/openapi-types": {
      "version": "7.3.2",
      "resolved": "https://greenlight.jfrog.io/artifactory/api/npm/npm/@octokit/openapi-types/-/openapi-types-7.3.2.tgz",
      "integrity": "sha1-BlzkmzOAQ+x/dBMWzgav1NRZ2UQ=",
      "license": "MIT"
    },
    "node_modules/@octokit/plugin-paginate-rest": {
      "version": "2.13.5",
      "resolved": "https://greenlight.jfrog.io/artifactory/api/npm/npm/@octokit/plugin-paginate-rest/-/plugin-paginate-rest-2.13.5.tgz",
      "integrity": "sha1-5Fn5tdzL4KU/A5o1XVuAwKKw3Fc=",
      "license": "MIT",
      "dependencies": {
        "@octokit/types": "^6.13.0"
      },
      "peerDependencies": {
        "@octokit/core": ">=2"
      }
    },
    "node_modules/@octokit/plugin-request-log": {
      "version": "1.0.4",
      "resolved": "https://greenlight.jfrog.io/artifactory/api/npm/npm/@octokit/plugin-request-log/-/plugin-request-log-1.0.4.tgz",
      "integrity": "sha1-XlDtcIOmE4FrHkooruxft/FGLoU=",
      "license": "MIT",
      "peerDependencies": {
        "@octokit/core": ">=3"
      }
    },
    "node_modules/@octokit/plugin-rest-endpoint-methods": {
      "version": "5.3.1",
      "resolved": "https://greenlight.jfrog.io/artifactory/api/npm/npm/@octokit/plugin-rest-endpoint-methods/-/plugin-rest-endpoint-methods-5.3.1.tgz",
      "integrity": "sha1-3t3OdptOwxeRcHCatC5OnmGVqqk=",
      "license": "MIT",
      "dependencies": {
        "@octokit/types": "^6.16.2",
        "deprecation": "^2.3.1"
      },
      "peerDependencies": {
        "@octokit/core": ">=3"
      }
    },
    "node_modules/@octokit/request": {
      "version": "5.6.0",
      "resolved": "https://greenlight.jfrog.io/artifactory/api/npm/npm/@octokit/request/-/request-5.6.0.tgz",
      "integrity": "sha1-YISGG25Poh3EDI4qc57F7/WX5nI=",
      "license": "MIT",
      "dependencies": {
        "@octokit/endpoint": "^6.0.1",
        "@octokit/request-error": "^2.1.0",
        "@octokit/types": "^6.16.1",
        "is-plain-object": "^5.0.0",
        "node-fetch": "^2.6.1",
        "universal-user-agent": "^6.0.0"
      }
    },
    "node_modules/@octokit/request-error": {
      "version": "2.1.0",
      "resolved": "https://greenlight.jfrog.io/artifactory/api/npm/npm/@octokit/request-error/-/request-error-2.1.0.tgz",
      "integrity": "sha1-nhUDV4Mb/HiNE6T9SxkT1gx01nc=",
      "license": "MIT",
      "dependencies": {
        "@octokit/types": "^6.0.3",
        "deprecation": "^2.0.0",
        "once": "^1.4.0"
      }
    },
    "node_modules/@octokit/rest": {
      "version": "18.6.0",
      "resolved": "https://greenlight.jfrog.io/artifactory/api/npm/npm/@octokit/rest/-/rest-18.6.0.tgz",
      "integrity": "sha1-moRXN0x4wnc9OrP1Cq/8YvPtT3Y=",
      "license": "MIT",
      "dependencies": {
        "@octokit/core": "^3.5.0",
        "@octokit/plugin-paginate-rest": "^2.6.2",
        "@octokit/plugin-request-log": "^1.0.2",
        "@octokit/plugin-rest-endpoint-methods": "5.3.1"
      }
    },
    "node_modules/@octokit/types": {
      "version": "6.16.4",
      "resolved": "https://greenlight.jfrog.io/artifactory/api/npm/npm/@octokit/types/-/types-6.16.4.tgz",
      "integrity": "sha1-0k9eG6zS/pbWGFS1vaDojPgojf4=",
      "license": "MIT",
      "dependencies": {
        "@octokit/openapi-types": "^7.3.2"
      }
    },
    "node_modules/@sindresorhus/is": {
      "version": "4.0.1",
      "resolved": "https://greenlight.jfrog.io/artifactory/api/npm/npm/@sindresorhus/is/-/is-4.0.1.tgz",
      "integrity": "sha1-0mcp24UPoye3ysxVIiUhlEBCJvU=",
      "license": "MIT",
      "engines": {
        "node": ">=10"
      },
      "funding": {
        "url": "https://github.com/sindresorhus/is?sponsor=1"
      }
    },
    "node_modules/@szmarczak/http-timer": {
      "version": "4.0.5",
      "resolved": "https://greenlight.jfrog.io/artifactory/api/npm/npm/@szmarczak/http-timer/-/http-timer-4.0.5.tgz",
      "integrity": "sha1-v71QIR6d+lG6B9pYoUzf0zMgUVI=",
      "license": "MIT",
      "dependencies": {
        "defer-to-connect": "^2.0.0"
      },
      "engines": {
        "node": ">=10"
      }
    },
    "node_modules/@tsconfig/node10": {
      "version": "1.0.8",
      "resolved": "https://greenlight.jfrog.io/artifactory/api/npm/npm/@tsconfig/node10/-/node10-1.0.8.tgz",
      "integrity": "sha1-weToDW+WT77LM1nEO9SLQPfK2tk=",
      "license": "MIT"
    },
    "node_modules/@tsconfig/node12": {
      "version": "1.0.8",
      "resolved": "https://greenlight.jfrog.io/artifactory/api/npm/npm/@tsconfig/node12/-/node12-1.0.8.tgz",
      "integrity": "sha1-qIPWLwSaZP6h5WprvmaCjRHGJBs=",
      "license": "MIT"
    },
    "node_modules/@tsconfig/node14": {
      "version": "1.0.1",
      "resolved": "https://greenlight.jfrog.io/artifactory/api/npm/npm/@tsconfig/node14/-/node14-1.0.1.tgz",
      "integrity": "sha1-lfLRZ/+5uNIGiwsjUwL6/U33EfI=",
      "license": "MIT"
    },
    "node_modules/@tsconfig/node16": {
      "version": "1.0.1",
      "resolved": "https://greenlight.jfrog.io/artifactory/api/npm/npm/@tsconfig/node16/-/node16-1.0.1.tgz",
      "integrity": "sha1-pspqmg/zZq9DP0L18OEkeU/2uPE=",
      "license": "MIT"
    },
    "node_modules/@types/cacheable-request": {
      "version": "6.0.1",
      "resolved": "https://greenlight.jfrog.io/artifactory/api/npm/npm/@types/cacheable-request/-/cacheable-request-6.0.1.tgz",
      "integrity": "sha1-XSLz3e0f06hMC761A5p0GcLJGXY=",
      "license": "MIT",
      "dependencies": {
        "@types/http-cache-semantics": "*",
        "@types/keyv": "*",
        "@types/node": "*",
        "@types/responselike": "*"
      }
    },
    "node_modules/@types/http-cache-semantics": {
      "version": "4.0.0",
      "resolved": "https://greenlight.jfrog.io/artifactory/api/npm/npm/@types/http-cache-semantics/-/http-cache-semantics-4.0.0.tgz",
      "integrity": "sha1-kUB3lzaqJlVjXudW4kZ9eHz+iio=",
      "license": "MIT"
    },
    "node_modules/@types/keyv": {
      "version": "3.1.1",
      "resolved": "https://greenlight.jfrog.io/artifactory/api/npm/npm/@types/keyv/-/keyv-3.1.1.tgz",
      "integrity": "sha1-5FpFMk/KnatxarEjDuJJyftSz6c=",
      "license": "MIT",
      "dependencies": {
        "@types/node": "*"
      }
    },
    "node_modules/@types/node": {
      "version": "15.12.2",
      "resolved": "https://greenlight.jfrog.io/artifactory/api/npm/npm/@types/node/-/node-15.12.2.tgz",
      "integrity": "sha1-HytCxL5xVv9Kb5FLL7A9BfqE440=",
      "license": "MIT"
    },
    "node_modules/@types/responselike": {
      "version": "1.0.0",
      "resolved": "https://greenlight.jfrog.io/artifactory/api/npm/npm/@types/responselike/-/responselike-1.0.0.tgz",
      "integrity": "sha1-JR9P59FU0rrRJavhtCmyOv0mLik=",
      "license": "MIT",
      "dependencies": {
        "@types/node": "*"
      }
    },
    "node_modules/arg": {
      "version": "4.1.3",
      "resolved": "https://greenlight.jfrog.io/artifactory/api/npm/npm/arg/-/arg-4.1.3.tgz",
      "integrity": "sha1-Jp/HrVuOQstjyJbVZmAXJhwUQIk=",
      "license": "MIT"
    },
    "node_modules/before-after-hook": {
      "version": "2.2.2",
      "resolved": "https://greenlight.jfrog.io/artifactory/api/npm/npm/before-after-hook/-/before-after-hook-2.2.2.tgz",
      "integrity": "sha1-pujKQQKNkO4sJCIvIByQlWCRYT4=",
      "license": "Apache-2.0"
    },
    "node_modules/buffer-from": {
      "version": "1.1.1",
      "resolved": "https://greenlight.jfrog.io/artifactory/api/npm/npm/buffer-from/-/buffer-from-1.1.1.tgz",
      "integrity": "sha1-MnE7wCj3XAL9txDXx7zsHyxgcO8=",
      "license": "MIT"
    },
    "node_modules/cacheable-lookup": {
      "version": "5.0.4",
      "resolved": "https://greenlight.jfrog.io/artifactory/api/npm/npm/cacheable-lookup/-/cacheable-lookup-5.0.4.tgz",
      "integrity": "sha1-WmuGWyxENXvj1evCpGewMnGacAU=",
      "license": "MIT",
      "engines": {
        "node": ">=10.6.0"
      }
    },
    "node_modules/cacheable-request": {
      "version": "7.0.2",
      "resolved": "https://greenlight.jfrog.io/artifactory/api/npm/npm/cacheable-request/-/cacheable-request-7.0.2.tgz",
      "integrity": "sha1-6g0LiJNkolhUdXMByhKy2nf5HSc=",
      "license": "MIT",
      "dependencies": {
        "clone-response": "^1.0.2",
        "get-stream": "^5.1.0",
        "http-cache-semantics": "^4.0.0",
        "keyv": "^4.0.0",
        "lowercase-keys": "^2.0.0",
        "normalize-url": "^6.0.1",
        "responselike": "^2.0.0"
      },
      "engines": {
        "node": ">=8"
      }
    },
    "node_modules/clone-response": {
      "version": "1.0.2",
      "resolved": "https://greenlight.jfrog.io/artifactory/api/npm/npm/clone-response/-/clone-response-1.0.2.tgz",
      "integrity": "sha1-0dyXOSAxTfZ/vrlCI7TuNQI56Ws=",
      "license": "MIT",
      "dependencies": {
        "mimic-response": "^1.0.0"
      }
    },
    "node_modules/create-require": {
      "version": "1.1.1",
      "resolved": "https://greenlight.jfrog.io/artifactory/api/npm/npm/create-require/-/create-require-1.1.1.tgz",
      "integrity": "sha1-wdfo8eX2z8n/ZfnNNS03NIdWwzM=",
      "license": "MIT"
    },
    "node_modules/decompress-response": {
      "version": "6.0.0",
      "resolved": "https://greenlight.jfrog.io/artifactory/api/npm/npm/decompress-response/-/decompress-response-6.0.0.tgz",
      "integrity": "sha1-yjh2Et234QS9FthaqwDV7PCcZvw=",
      "license": "MIT",
      "dependencies": {
        "mimic-response": "^3.1.0"
      },
      "engines": {
        "node": ">=10"
      },
      "funding": {
        "url": "https://github.com/sponsors/sindresorhus"
      }
    },
    "node_modules/decompress-response/node_modules/mimic-response": {
      "version": "3.1.0",
      "resolved": "https://greenlight.jfrog.io/artifactory/api/npm/npm/mimic-response/-/mimic-response-3.1.0.tgz",
      "integrity": "sha1-LR1Zr5wbEpgVrMwsRqAipc4fo8k=",
      "license": "MIT",
      "engines": {
        "node": ">=10"
      },
      "funding": {
        "url": "https://github.com/sponsors/sindresorhus"
      }
    },
    "node_modules/deep-object-diff": {
      "version": "1.1.0",
      "resolved": "https://greenlight.jfrog.io/artifactory/api/npm/npm/deep-object-diff/-/deep-object-diff-1.1.0.tgz",
      "integrity": "sha1-1vq/R2wu0XUfyU1cppPS7YwYvFo=",
      "license": "MIT"
    },
    "node_modules/defer-to-connect": {
      "version": "2.0.1",
      "resolved": "https://greenlight.jfrog.io/artifactory/api/npm/npm/defer-to-connect/-/defer-to-connect-2.0.1.tgz",
      "integrity": "sha1-gBa9tBQ+RjK3ejRJxiNid95SBYc=",
      "license": "MIT",
      "engines": {
        "node": ">=10"
      }
    },
    "node_modules/deprecation": {
      "version": "2.3.1",
      "resolved": "https://greenlight.jfrog.io/artifactory/api/npm/npm/deprecation/-/deprecation-2.3.1.tgz",
      "integrity": "sha1-Y2jL20Cr8zc7UlrIfkomDDpwCRk=",
      "license": "ISC"
    },
    "node_modules/diff": {
      "version": "4.0.2",
      "resolved": "https://greenlight.jfrog.io/artifactory/api/npm/npm/diff/-/diff-4.0.2.tgz",
      "integrity": "sha1-YPOuy4nV+uUgwRqhnvwruYKq3n0=",
      "license": "BSD-3-Clause",
      "engines": {
        "node": ">=0.3.1"
      }
    },
    "node_modules/end-of-stream": {
      "version": "1.4.4",
      "resolved": "https://greenlight.jfrog.io/artifactory/api/npm/npm/end-of-stream/-/end-of-stream-1.4.4.tgz",
      "integrity": "sha1-WuZKX0UFe682JuwU2gyl5LJDHrA=",
      "license": "MIT",
      "dependencies": {
        "once": "^1.4.0"
      }
    },
    "node_modules/get-stream": {
      "version": "5.2.0",
      "resolved": "https://greenlight.jfrog.io/artifactory/api/npm/npm/get-stream/-/get-stream-5.2.0.tgz",
      "integrity": "sha1-SWaheV7lrOZecGxLe+txJX1uItM=",
      "license": "MIT",
      "dependencies": {
        "pump": "^3.0.0"
      },
      "engines": {
        "node": ">=8"
      },
      "funding": {
        "url": "https://github.com/sponsors/sindresorhus"
      }
    },
    "node_modules/got": {
      "version": "11.8.2",
      "resolved": "https://greenlight.jfrog.io/artifactory/api/npm/npm/got/-/got-11.8.2.tgz",
      "integrity": "sha1-ers5Weoowx81dvFXbB7/ziPzNZk=",
      "license": "MIT",
      "dependencies": {
        "@sindresorhus/is": "^4.0.0",
        "@szmarczak/http-timer": "^4.0.5",
        "@types/cacheable-request": "^6.0.1",
        "@types/responselike": "^1.0.0",
        "cacheable-lookup": "^5.0.3",
        "cacheable-request": "^7.0.1",
        "decompress-response": "^6.0.0",
        "http2-wrapper": "^1.0.0-beta.5.2",
        "lowercase-keys": "^2.0.0",
        "p-cancelable": "^2.0.0",
        "responselike": "^2.0.0"
      },
      "engines": {
        "node": ">=10.19.0"
      },
      "funding": {
        "url": "https://github.com/sindresorhus/got?sponsor=1"
      }
    },
    "node_modules/http-cache-semantics": {
      "version": "4.1.0",
      "resolved": "https://greenlight.jfrog.io/artifactory/api/npm/npm/http-cache-semantics/-/http-cache-semantics-4.1.0.tgz",
      "integrity": "sha1-SekcXL82yblLz81xwj1SSex045A=",
      "license": "BSD-2-Clause"
    },
    "node_modules/http2-wrapper": {
      "version": "1.0.3",
      "resolved": "https://greenlight.jfrog.io/artifactory/api/npm/npm/http2-wrapper/-/http2-wrapper-1.0.3.tgz",
      "integrity": "sha1-uPVeDB8l1OvQizsMLAeflZCACz0=",
      "license": "MIT",
      "dependencies": {
        "quick-lru": "^5.1.1",
        "resolve-alpn": "^1.0.0"
      },
      "engines": {
        "node": ">=10.19.0"
      }
    },
    "node_modules/is-plain-object": {
      "version": "5.0.0",
      "resolved": "https://greenlight.jfrog.io/artifactory/api/npm/npm/is-plain-object/-/is-plain-object-5.0.0.tgz",
      "integrity": "sha1-RCf1CrNCnpAl6n1S6QQ6nvQVk0Q=",
      "license": "MIT",
      "engines": {
        "node": ">=0.10.0"
      }
    },
    "node_modules/json-buffer": {
      "version": "3.0.1",
      "resolved": "https://greenlight.jfrog.io/artifactory/api/npm/npm/json-buffer/-/json-buffer-3.0.1.tgz",
      "integrity": "sha1-kziAKjDTtmBfvgYT4JQAjKjAWhM=",
      "license": "MIT"
    },
    "node_modules/keyv": {
      "version": "4.0.3",
      "resolved": "https://greenlight.jfrog.io/artifactory/api/npm/npm/keyv/-/keyv-4.0.3.tgz",
      "integrity": "sha1-TzqpjeJUgDyvzSiWc0EI2qNeQlQ=",
      "license": "MIT",
      "dependencies": {
        "json-buffer": "3.0.1"
      }
    },
    "node_modules/lowercase-keys": {
      "version": "2.0.0",
      "resolved": "https://greenlight.jfrog.io/artifactory/api/npm/npm/lowercase-keys/-/lowercase-keys-2.0.0.tgz",
      "integrity": "sha1-JgPni3tLAAbLyi+8yKMgJVislHk=",
      "license": "MIT",
      "engines": {
        "node": ">=8"
      }
    },
    "node_modules/make-error": {
      "version": "1.3.6",
      "resolved": "https://greenlight.jfrog.io/artifactory/api/npm/npm/make-error/-/make-error-1.3.6.tgz",
      "integrity": "sha1-LrLjfqm2fEiR9oShOUeZr0hM96I=",
      "license": "ISC"
    },
    "node_modules/mimic-response": {
      "version": "1.0.1",
      "resolved": "https://greenlight.jfrog.io/artifactory/api/npm/npm/mimic-response/-/mimic-response-1.0.1.tgz",
      "integrity": "sha1-SSNTiHju9CBjy4o+OweYeBSHqxs=",
      "license": "MIT",
      "engines": {
        "node": ">=4"
      }
    },
    "node_modules/node-fetch": {
      "version": "2.6.1",
      "resolved": "https://greenlight.jfrog.io/artifactory/api/npm/npm/node-fetch/-/node-fetch-2.6.1.tgz",
      "integrity": "sha1-BFvTI2Mfdu0uK1VXM5RBa2OaAFI=",
      "license": "MIT",
      "engines": {
        "node": "4.x || >=6.0.0"
      }
    },
    "node_modules/normalize-url": {
      "version": "6.0.1",
      "resolved": "https://greenlight.jfrog.io/artifactory/api/npm/npm/normalize-url/-/normalize-url-6.0.1.tgz",
      "integrity": "sha1-pPJ/WM+Meyh7RAuKggH0LQsA0lY=",
      "license": "MIT",
      "engines": {
        "node": ">=10"
      },
      "funding": {
        "url": "https://github.com/sponsors/sindresorhus"
      }
    },
    "node_modules/once": {
      "version": "1.4.0",
      "resolved": "https://greenlight.jfrog.io/artifactory/api/npm/npm/once/-/once-1.4.0.tgz",
      "integrity": "sha1-WDsap3WWHUsROsF9nFC6753Xa9E=",
      "license": "ISC",
      "dependencies": {
        "wrappy": "1"
      }
    },
    "node_modules/p-cancelable": {
      "version": "2.1.1",
      "resolved": "https://greenlight.jfrog.io/artifactory/api/npm/npm/p-cancelable/-/p-cancelable-2.1.1.tgz",
      "integrity": "sha1-qrf71BZYL6MqPbSYWcEiSHxe0s8=",
      "license": "MIT",
      "engines": {
        "node": ">=8"
      }
    },
    "node_modules/pump": {
      "version": "3.0.0",
      "resolved": "https://greenlight.jfrog.io/artifactory/api/npm/npm/pump/-/pump-3.0.0.tgz",
      "integrity": "sha1-tKIRaBW94vTh6mAjVOjHVWUQemQ=",
      "license": "MIT",
      "dependencies": {
        "end-of-stream": "^1.1.0",
        "once": "^1.3.1"
      }
    },
    "node_modules/quick-lru": {
      "version": "5.1.1",
      "resolved": "https://greenlight.jfrog.io/artifactory/api/npm/npm/quick-lru/-/quick-lru-5.1.1.tgz",
      "integrity": "sha1-NmST5rPkKjpoheLpnRj4D7eoyTI=",
      "license": "MIT",
      "engines": {
        "node": ">=10"
      },
      "funding": {
        "url": "https://github.com/sponsors/sindresorhus"
      }
    },
    "node_modules/resolve-alpn": {
      "version": "1.1.2",
      "resolved": "https://greenlight.jfrog.io/artifactory/api/npm/npm/resolve-alpn/-/resolve-alpn-1.1.2.tgz",
      "integrity": "sha1-MLYM+7DAuNyJeUD+E/4lWvzdTSg=",
      "license": "MIT"
    },
    "node_modules/responselike": {
      "version": "2.0.0",
      "resolved": "https://greenlight.jfrog.io/artifactory/api/npm/npm/responselike/-/responselike-2.0.0.tgz",
      "integrity": "sha1-JjkbzDF091D5p56sxAoSpcQtdyM=",
      "license": "MIT",
      "dependencies": {
        "lowercase-keys": "^2.0.0"
      }
    },
    "node_modules/source-map": {
      "version": "0.6.1",
      "resolved": "https://greenlight.jfrog.io/artifactory/api/npm/npm/source-map/-/source-map-0.6.1.tgz",
      "integrity": "sha1-dHIq8y6WFOnCh6jQu95IteLxomM=",
      "license": "BSD-3-Clause",
      "engines": {
        "node": ">=0.10.0"
      }
    },
    "node_modules/source-map-support": {
      "version": "0.5.19",
      "resolved": "https://greenlight.jfrog.io/artifactory/api/npm/npm/source-map-support/-/source-map-support-0.5.19.tgz",
      "integrity": "sha1-qYti+G3K9PZzmWSMCFKRq56P7WE=",
      "license": "MIT",
      "dependencies": {
        "buffer-from": "^1.0.0",
        "source-map": "^0.6.0"
      }
    },
    "node_modules/ts-node": {
      "version": "10.0.0",
      "resolved": "https://greenlight.jfrog.io/artifactory/api/npm/npm/ts-node/-/ts-node-10.0.0.tgz",
      "integrity": "sha1-BfELmnFrC2JBKa1E8OoF2shLo74=",
      "license": "MIT",
      "dependencies": {
        "@tsconfig/node10": "^1.0.7",
        "@tsconfig/node12": "^1.0.7",
        "@tsconfig/node14": "^1.0.0",
        "@tsconfig/node16": "^1.0.1",
        "arg": "^4.1.0",
        "create-require": "^1.1.0",
        "diff": "^4.0.1",
        "make-error": "^1.1.1",
        "source-map-support": "^0.5.17",
        "yn": "3.1.1"
      },
      "bin": {
        "ts-node": "dist/bin.js",
        "ts-node-cwd": "dist/bin-cwd.js",
        "ts-node-script": "dist/bin-script.js",
        "ts-node-transpile-only": "dist/bin-transpile.js",
        "ts-script": "dist/bin-script-deprecated.js"
      },
      "engines": {
        "node": ">=12.0.0"
      },
      "peerDependencies": {
        "@swc/core": ">=1.2.45",
        "@swc/wasm": ">=1.2.45",
        "@types/node": "*",
        "typescript": ">=2.7"
      },
      "peerDependenciesMeta": {
        "@swc/core": {
          "optional": true
        },
        "@swc/wasm": {
          "optional": true
        }
      }
    },
    "node_modules/tunnel": {
      "version": "0.0.6",
      "resolved": "https://greenlight.jfrog.io/artifactory/api/npm/npm/tunnel/-/tunnel-0.0.6.tgz",
      "integrity": "sha1-cvExSzSlsZLbASMk3yzFh8pH+Sw=",
      "license": "MIT",
      "engines": {
        "node": ">=0.6.11 <=0.7.0 || >=0.7.3"
      }
    },
    "node_modules/typescript": {
      "version": "4.3.3",
      "resolved": "https://greenlight.jfrog.io/artifactory/api/npm/npm/typescript/-/typescript-4.3.3.tgz",
      "integrity": "sha1-VAHbab0yA9rxhRoadNGZyzESwRo=",
      "license": "Apache-2.0",
      "bin": {
        "tsc": "bin/tsc",
        "tsserver": "bin/tsserver"
      },
      "engines": {
        "node": ">=4.2.0"
      }
    },
    "node_modules/universal-user-agent": {
      "version": "6.0.0",
      "resolved": "https://greenlight.jfrog.io/artifactory/api/npm/npm/universal-user-agent/-/universal-user-agent-6.0.0.tgz",
      "integrity": "sha1-M4H4UDslHA2c0hvB3pOeyd9UgO4=",
      "license": "ISC"
    },
    "node_modules/wrappy": {
      "version": "1.0.2",
      "resolved": "https://greenlight.jfrog.io/artifactory/api/npm/npm/wrappy/-/wrappy-1.0.2.tgz",
      "integrity": "sha1-tSQ9jz7BqjXxNkYFvA0QNuMKtp8=",
      "license": "ISC"
    },
    "node_modules/yaml": {
      "version": "1.10.2",
      "resolved": "https://greenlight.jfrog.io/artifactory/api/npm/npm/yaml/-/yaml-1.10.2.tgz",
      "integrity": "sha1-IwHF/78StGfejaIzOkWeKeeSDks=",
      "license": "ISC",
      "engines": {
        "node": ">= 6"
      }
    },
    "node_modules/yn": {
      "version": "3.1.1",
      "resolved": "https://greenlight.jfrog.io/artifactory/api/npm/npm/yn/-/yn-3.1.1.tgz",
      "integrity": "sha1-HodAGgnXZ8HV6rJqbkwYUYLS61A=",
      "license": "MIT",
      "engines": {
        "node": ">=6"
      }
    }
  },
  "dependencies": {
    "@actions/core": {
      "version": "1.4.0",
      "resolved": "https://greenlight.jfrog.io/artifactory/api/npm/npm/@actions/core/-/core-1.4.0.tgz",
      "integrity": "sha1-zy5u4xfjFLA4hq3+sg5EjVDW5SQ="
    },
    "@actions/github": {
      "version": "5.0.0",
      "resolved": "https://greenlight.jfrog.io/artifactory/api/npm/npm/@actions/github/-/github-5.0.0.tgz",
      "integrity": "sha1-F1QSeXbFC9iLLpBfENIE120Ucvg=",
      "requires": {
        "@actions/http-client": "^1.0.11",
        "@octokit/core": "^3.4.0",
        "@octokit/plugin-paginate-rest": "^2.13.3",
        "@octokit/plugin-rest-endpoint-methods": "^5.1.1"
      }
    },
    "@actions/http-client": {
      "version": "1.0.11",
      "resolved": "https://greenlight.jfrog.io/artifactory/api/npm/npm/@actions/http-client/-/http-client-1.0.11.tgz",
      "integrity": "sha1-xYsS6aqLFZ7jnn3Wy9DpHZBWM8A=",
      "requires": {
        "tunnel": "0.0.6"
      }
    },
    "@octokit/auth-token": {
      "version": "2.4.5",
      "resolved": "https://greenlight.jfrog.io/artifactory/api/npm/npm/@octokit/auth-token/-/auth-token-2.4.5.tgz",
      "integrity": "sha1-VozPuMtG82RB+sCUzjT3qHWxl/M=",
      "requires": {
        "@octokit/types": "^6.0.3"
      }
    },
    "@octokit/core": {
      "version": "3.5.1",
      "resolved": "https://greenlight.jfrog.io/artifactory/api/npm/npm/@octokit/core/-/core-3.5.1.tgz",
      "integrity": "sha1-hgHO6x7A4bG4IXuWCkE+2OlHgJs=",
      "requires": {
        "@octokit/auth-token": "^2.4.4",
        "@octokit/graphql": "^4.5.8",
        "@octokit/request": "^5.6.0",
        "@octokit/request-error": "^2.0.5",
        "@octokit/types": "^6.0.3",
        "before-after-hook": "^2.2.0",
        "universal-user-agent": "^6.0.0"
      }
    },
    "@octokit/endpoint": {
      "version": "6.0.12",
      "resolved": "https://greenlight.jfrog.io/artifactory/api/npm/npm/@octokit/endpoint/-/endpoint-6.0.12.tgz",
      "integrity": "sha1-O01HpLDnmxAn+4111CIZKLLQVlg=",
      "requires": {
        "@octokit/types": "^6.0.3",
        "is-plain-object": "^5.0.0",
        "universal-user-agent": "^6.0.0"
      }
    },
    "@octokit/graphql": {
      "version": "4.6.4",
      "resolved": "https://greenlight.jfrog.io/artifactory/api/npm/npm/@octokit/graphql/-/graphql-4.6.4.tgz",
      "integrity": "sha1-DD9b7UQIIhgulyMXEirLZdMRpe0=",
      "requires": {
        "@octokit/request": "^5.6.0",
        "@octokit/types": "^6.0.3",
        "universal-user-agent": "^6.0.0"
      }
    },
    "@octokit/openapi-types": {
      "version": "7.3.2",
      "resolved": "https://greenlight.jfrog.io/artifactory/api/npm/npm/@octokit/openapi-types/-/openapi-types-7.3.2.tgz",
      "integrity": "sha1-BlzkmzOAQ+x/dBMWzgav1NRZ2UQ="
    },
    "@octokit/plugin-paginate-rest": {
      "version": "2.13.5",
      "resolved": "https://greenlight.jfrog.io/artifactory/api/npm/npm/@octokit/plugin-paginate-rest/-/plugin-paginate-rest-2.13.5.tgz",
      "integrity": "sha1-5Fn5tdzL4KU/A5o1XVuAwKKw3Fc=",
      "requires": {
        "@octokit/types": "^6.13.0"
      }
    },
    "@octokit/plugin-request-log": {
      "version": "1.0.4",
      "resolved": "https://greenlight.jfrog.io/artifactory/api/npm/npm/@octokit/plugin-request-log/-/plugin-request-log-1.0.4.tgz",
      "integrity": "sha1-XlDtcIOmE4FrHkooruxft/FGLoU=",
      "requires": {}
    },
    "@octokit/plugin-rest-endpoint-methods": {
      "version": "5.3.1",
      "resolved": "https://greenlight.jfrog.io/artifactory/api/npm/npm/@octokit/plugin-rest-endpoint-methods/-/plugin-rest-endpoint-methods-5.3.1.tgz",
      "integrity": "sha1-3t3OdptOwxeRcHCatC5OnmGVqqk=",
      "requires": {
        "@octokit/types": "^6.16.2",
        "deprecation": "^2.3.1"
      }
    },
    "@octokit/request": {
      "version": "5.6.0",
      "resolved": "https://greenlight.jfrog.io/artifactory/api/npm/npm/@octokit/request/-/request-5.6.0.tgz",
      "integrity": "sha1-YISGG25Poh3EDI4qc57F7/WX5nI=",
      "requires": {
        "@octokit/endpoint": "^6.0.1",
        "@octokit/request-error": "^2.1.0",
        "@octokit/types": "^6.16.1",
        "is-plain-object": "^5.0.0",
        "node-fetch": "^2.6.1",
        "universal-user-agent": "^6.0.0"
      }
    },
    "@octokit/request-error": {
      "version": "2.1.0",
      "resolved": "https://greenlight.jfrog.io/artifactory/api/npm/npm/@octokit/request-error/-/request-error-2.1.0.tgz",
      "integrity": "sha1-nhUDV4Mb/HiNE6T9SxkT1gx01nc=",
      "requires": {
        "@octokit/types": "^6.0.3",
        "deprecation": "^2.0.0",
        "once": "^1.4.0"
      }
    },
    "@octokit/rest": {
      "version": "18.6.0",
      "resolved": "https://greenlight.jfrog.io/artifactory/api/npm/npm/@octokit/rest/-/rest-18.6.0.tgz",
      "integrity": "sha1-moRXN0x4wnc9OrP1Cq/8YvPtT3Y=",
      "requires": {
        "@octokit/core": "^3.5.0",
        "@octokit/plugin-paginate-rest": "^2.6.2",
        "@octokit/plugin-request-log": "^1.0.2",
        "@octokit/plugin-rest-endpoint-methods": "5.3.1"
      }
    },
    "@octokit/types": {
      "version": "6.16.4",
      "resolved": "https://greenlight.jfrog.io/artifactory/api/npm/npm/@octokit/types/-/types-6.16.4.tgz",
      "integrity": "sha1-0k9eG6zS/pbWGFS1vaDojPgojf4=",
      "requires": {
        "@octokit/openapi-types": "^7.3.2"
      }
    },
    "@sindresorhus/is": {
      "version": "4.0.1",
      "resolved": "https://greenlight.jfrog.io/artifactory/api/npm/npm/@sindresorhus/is/-/is-4.0.1.tgz",
      "integrity": "sha1-0mcp24UPoye3ysxVIiUhlEBCJvU="
    },
    "@szmarczak/http-timer": {
      "version": "4.0.5",
      "resolved": "https://greenlight.jfrog.io/artifactory/api/npm/npm/@szmarczak/http-timer/-/http-timer-4.0.5.tgz",
      "integrity": "sha1-v71QIR6d+lG6B9pYoUzf0zMgUVI=",
      "requires": {
        "defer-to-connect": "^2.0.0"
      }
    },
    "@tsconfig/node10": {
      "version": "1.0.8",
      "resolved": "https://greenlight.jfrog.io/artifactory/api/npm/npm/@tsconfig/node10/-/node10-1.0.8.tgz",
      "integrity": "sha1-weToDW+WT77LM1nEO9SLQPfK2tk="
    },
    "@tsconfig/node12": {
      "version": "1.0.8",
      "resolved": "https://greenlight.jfrog.io/artifactory/api/npm/npm/@tsconfig/node12/-/node12-1.0.8.tgz",
      "integrity": "sha1-qIPWLwSaZP6h5WprvmaCjRHGJBs="
    },
    "@tsconfig/node14": {
      "version": "1.0.1",
      "resolved": "https://greenlight.jfrog.io/artifactory/api/npm/npm/@tsconfig/node14/-/node14-1.0.1.tgz",
      "integrity": "sha1-lfLRZ/+5uNIGiwsjUwL6/U33EfI="
    },
    "@tsconfig/node16": {
      "version": "1.0.1",
      "resolved": "https://greenlight.jfrog.io/artifactory/api/npm/npm/@tsconfig/node16/-/node16-1.0.1.tgz",
      "integrity": "sha1-pspqmg/zZq9DP0L18OEkeU/2uPE="
    },
    "@types/cacheable-request": {
      "version": "6.0.1",
      "resolved": "https://greenlight.jfrog.io/artifactory/api/npm/npm/@types/cacheable-request/-/cacheable-request-6.0.1.tgz",
      "integrity": "sha1-XSLz3e0f06hMC761A5p0GcLJGXY=",
      "requires": {
        "@types/http-cache-semantics": "*",
        "@types/keyv": "*",
        "@types/node": "*",
        "@types/responselike": "*"
      }
    },
    "@types/http-cache-semantics": {
      "version": "4.0.0",
      "resolved": "https://greenlight.jfrog.io/artifactory/api/npm/npm/@types/http-cache-semantics/-/http-cache-semantics-4.0.0.tgz",
      "integrity": "sha1-kUB3lzaqJlVjXudW4kZ9eHz+iio="
    },
    "@types/keyv": {
      "version": "3.1.1",
      "resolved": "https://greenlight.jfrog.io/artifactory/api/npm/npm/@types/keyv/-/keyv-3.1.1.tgz",
      "integrity": "sha1-5FpFMk/KnatxarEjDuJJyftSz6c=",
      "requires": {
        "@types/node": "*"
      }
    },
    "@types/node": {
      "version": "15.12.2",
      "resolved": "https://greenlight.jfrog.io/artifactory/api/npm/npm/@types/node/-/node-15.12.2.tgz",
      "integrity": "sha1-HytCxL5xVv9Kb5FLL7A9BfqE440="
    },
    "@types/responselike": {
      "version": "1.0.0",
      "resolved": "https://greenlight.jfrog.io/artifactory/api/npm/npm/@types/responselike/-/responselike-1.0.0.tgz",
      "integrity": "sha1-JR9P59FU0rrRJavhtCmyOv0mLik=",
      "requires": {
        "@types/node": "*"
      }
    },
    "arg": {
      "version": "4.1.3",
      "resolved": "https://greenlight.jfrog.io/artifactory/api/npm/npm/arg/-/arg-4.1.3.tgz",
      "integrity": "sha1-Jp/HrVuOQstjyJbVZmAXJhwUQIk="
    },
    "before-after-hook": {
      "version": "2.2.2",
      "resolved": "https://greenlight.jfrog.io/artifactory/api/npm/npm/before-after-hook/-/before-after-hook-2.2.2.tgz",
      "integrity": "sha1-pujKQQKNkO4sJCIvIByQlWCRYT4="
    },
    "buffer-from": {
      "version": "1.1.1",
      "resolved": "https://greenlight.jfrog.io/artifactory/api/npm/npm/buffer-from/-/buffer-from-1.1.1.tgz",
      "integrity": "sha1-MnE7wCj3XAL9txDXx7zsHyxgcO8="
    },
    "cacheable-lookup": {
      "version": "5.0.4",
      "resolved": "https://greenlight.jfrog.io/artifactory/api/npm/npm/cacheable-lookup/-/cacheable-lookup-5.0.4.tgz",
      "integrity": "sha1-WmuGWyxENXvj1evCpGewMnGacAU="
    },
    "cacheable-request": {
      "version": "7.0.2",
      "resolved": "https://greenlight.jfrog.io/artifactory/api/npm/npm/cacheable-request/-/cacheable-request-7.0.2.tgz",
      "integrity": "sha1-6g0LiJNkolhUdXMByhKy2nf5HSc=",
      "requires": {
        "clone-response": "^1.0.2",
        "get-stream": "^5.1.0",
        "http-cache-semantics": "^4.0.0",
        "keyv": "^4.0.0",
        "lowercase-keys": "^2.0.0",
        "normalize-url": "^6.0.1",
        "responselike": "^2.0.0"
      }
    },
    "clone-response": {
      "version": "1.0.2",
      "resolved": "https://greenlight.jfrog.io/artifactory/api/npm/npm/clone-response/-/clone-response-1.0.2.tgz",
      "integrity": "sha1-0dyXOSAxTfZ/vrlCI7TuNQI56Ws=",
      "requires": {
        "mimic-response": "^1.0.0"
      }
    },
    "create-require": {
      "version": "1.1.1",
      "resolved": "https://greenlight.jfrog.io/artifactory/api/npm/npm/create-require/-/create-require-1.1.1.tgz",
      "integrity": "sha1-wdfo8eX2z8n/ZfnNNS03NIdWwzM="
    },
    "decompress-response": {
      "version": "6.0.0",
      "resolved": "https://greenlight.jfrog.io/artifactory/api/npm/npm/decompress-response/-/decompress-response-6.0.0.tgz",
      "integrity": "sha1-yjh2Et234QS9FthaqwDV7PCcZvw=",
      "requires": {
        "mimic-response": "^3.1.0"
      },
      "dependencies": {
        "mimic-response": {
          "version": "3.1.0",
          "resolved": "https://greenlight.jfrog.io/artifactory/api/npm/npm/mimic-response/-/mimic-response-3.1.0.tgz",
          "integrity": "sha1-LR1Zr5wbEpgVrMwsRqAipc4fo8k="
        }
      }
    },
    "deep-object-diff": {
      "version": "1.1.0",
      "resolved": "https://greenlight.jfrog.io/artifactory/api/npm/npm/deep-object-diff/-/deep-object-diff-1.1.0.tgz",
      "integrity": "sha1-1vq/R2wu0XUfyU1cppPS7YwYvFo="
    },
    "defer-to-connect": {
      "version": "2.0.1",
      "resolved": "https://greenlight.jfrog.io/artifactory/api/npm/npm/defer-to-connect/-/defer-to-connect-2.0.1.tgz",
      "integrity": "sha1-gBa9tBQ+RjK3ejRJxiNid95SBYc="
    },
    "deprecation": {
      "version": "2.3.1",
      "resolved": "https://greenlight.jfrog.io/artifactory/api/npm/npm/deprecation/-/deprecation-2.3.1.tgz",
      "integrity": "sha1-Y2jL20Cr8zc7UlrIfkomDDpwCRk="
    },
    "diff": {
      "version": "4.0.2",
      "resolved": "https://greenlight.jfrog.io/artifactory/api/npm/npm/diff/-/diff-4.0.2.tgz",
      "integrity": "sha1-YPOuy4nV+uUgwRqhnvwruYKq3n0="
    },
    "end-of-stream": {
      "version": "1.4.4",
      "resolved": "https://greenlight.jfrog.io/artifactory/api/npm/npm/end-of-stream/-/end-of-stream-1.4.4.tgz",
      "integrity": "sha1-WuZKX0UFe682JuwU2gyl5LJDHrA=",
      "requires": {
        "once": "^1.4.0"
      }
    },
    "get-stream": {
      "version": "5.2.0",
      "resolved": "https://greenlight.jfrog.io/artifactory/api/npm/npm/get-stream/-/get-stream-5.2.0.tgz",
      "integrity": "sha1-SWaheV7lrOZecGxLe+txJX1uItM=",
      "requires": {
        "pump": "^3.0.0"
      }
    },
    "got": {
      "version": "11.8.2",
      "resolved": "https://greenlight.jfrog.io/artifactory/api/npm/npm/got/-/got-11.8.2.tgz",
      "integrity": "sha1-ers5Weoowx81dvFXbB7/ziPzNZk=",
      "requires": {
        "@sindresorhus/is": "^4.0.0",
        "@szmarczak/http-timer": "^4.0.5",
        "@types/cacheable-request": "^6.0.1",
        "@types/responselike": "^1.0.0",
        "cacheable-lookup": "^5.0.3",
        "cacheable-request": "^7.0.1",
        "decompress-response": "^6.0.0",
        "http2-wrapper": "^1.0.0-beta.5.2",
        "lowercase-keys": "^2.0.0",
        "p-cancelable": "^2.0.0",
        "responselike": "^2.0.0"
      }
    },
    "http-cache-semantics": {
      "version": "4.1.0",
      "resolved": "https://greenlight.jfrog.io/artifactory/api/npm/npm/http-cache-semantics/-/http-cache-semantics-4.1.0.tgz",
      "integrity": "sha1-SekcXL82yblLz81xwj1SSex045A="
    },
    "http2-wrapper": {
      "version": "1.0.3",
      "resolved": "https://greenlight.jfrog.io/artifactory/api/npm/npm/http2-wrapper/-/http2-wrapper-1.0.3.tgz",
      "integrity": "sha1-uPVeDB8l1OvQizsMLAeflZCACz0=",
      "requires": {
        "quick-lru": "^5.1.1",
        "resolve-alpn": "^1.0.0"
      }
    },
    "is-plain-object": {
      "version": "5.0.0",
      "resolved": "https://greenlight.jfrog.io/artifactory/api/npm/npm/is-plain-object/-/is-plain-object-5.0.0.tgz",
      "integrity": "sha1-RCf1CrNCnpAl6n1S6QQ6nvQVk0Q="
    },
    "json-buffer": {
      "version": "3.0.1",
      "resolved": "https://greenlight.jfrog.io/artifactory/api/npm/npm/json-buffer/-/json-buffer-3.0.1.tgz",
      "integrity": "sha1-kziAKjDTtmBfvgYT4JQAjKjAWhM="
    },
    "keyv": {
      "version": "4.0.3",
      "resolved": "https://greenlight.jfrog.io/artifactory/api/npm/npm/keyv/-/keyv-4.0.3.tgz",
      "integrity": "sha1-TzqpjeJUgDyvzSiWc0EI2qNeQlQ=",
      "requires": {
        "json-buffer": "3.0.1"
      }
    },
    "lowercase-keys": {
      "version": "2.0.0",
      "resolved": "https://greenlight.jfrog.io/artifactory/api/npm/npm/lowercase-keys/-/lowercase-keys-2.0.0.tgz",
      "integrity": "sha1-JgPni3tLAAbLyi+8yKMgJVislHk="
    },
    "make-error": {
      "version": "1.3.6",
      "resolved": "https://greenlight.jfrog.io/artifactory/api/npm/npm/make-error/-/make-error-1.3.6.tgz",
      "integrity": "sha1-LrLjfqm2fEiR9oShOUeZr0hM96I="
    },
    "mimic-response": {
      "version": "1.0.1",
      "resolved": "https://greenlight.jfrog.io/artifactory/api/npm/npm/mimic-response/-/mimic-response-1.0.1.tgz",
      "integrity": "sha1-SSNTiHju9CBjy4o+OweYeBSHqxs="
    },
    "node-fetch": {
      "version": "2.6.1",
      "resolved": "https://greenlight.jfrog.io/artifactory/api/npm/npm/node-fetch/-/node-fetch-2.6.1.tgz",
      "integrity": "sha1-BFvTI2Mfdu0uK1VXM5RBa2OaAFI="
    },
    "normalize-url": {
      "version": "6.0.1",
      "resolved": "https://greenlight.jfrog.io/artifactory/api/npm/npm/normalize-url/-/normalize-url-6.0.1.tgz",
      "integrity": "sha1-pPJ/WM+Meyh7RAuKggH0LQsA0lY="
    },
    "once": {
      "version": "1.4.0",
      "resolved": "https://greenlight.jfrog.io/artifactory/api/npm/npm/once/-/once-1.4.0.tgz",
      "integrity": "sha1-WDsap3WWHUsROsF9nFC6753Xa9E=",
      "requires": {
        "wrappy": "1"
      }
    },
    "p-cancelable": {
      "version": "2.1.1",
      "resolved": "https://greenlight.jfrog.io/artifactory/api/npm/npm/p-cancelable/-/p-cancelable-2.1.1.tgz",
      "integrity": "sha1-qrf71BZYL6MqPbSYWcEiSHxe0s8="
    },
    "pump": {
      "version": "3.0.0",
      "resolved": "https://greenlight.jfrog.io/artifactory/api/npm/npm/pump/-/pump-3.0.0.tgz",
      "integrity": "sha1-tKIRaBW94vTh6mAjVOjHVWUQemQ=",
      "requires": {
        "end-of-stream": "^1.1.0",
        "once": "^1.3.1"
      }
    },
    "quick-lru": {
      "version": "5.1.1",
      "resolved": "https://greenlight.jfrog.io/artifactory/api/npm/npm/quick-lru/-/quick-lru-5.1.1.tgz",
      "integrity": "sha1-NmST5rPkKjpoheLpnRj4D7eoyTI="
    },
    "resolve-alpn": {
      "version": "1.1.2",
      "resolved": "https://greenlight.jfrog.io/artifactory/api/npm/npm/resolve-alpn/-/resolve-alpn-1.1.2.tgz",
      "integrity": "sha1-MLYM+7DAuNyJeUD+E/4lWvzdTSg="
    },
    "responselike": {
      "version": "2.0.0",
      "resolved": "https://greenlight.jfrog.io/artifactory/api/npm/npm/responselike/-/responselike-2.0.0.tgz",
      "integrity": "sha1-JjkbzDF091D5p56sxAoSpcQtdyM=",
      "requires": {
        "lowercase-keys": "^2.0.0"
      }
    },
    "source-map": {
      "version": "0.6.1",
      "resolved": "https://greenlight.jfrog.io/artifactory/api/npm/npm/source-map/-/source-map-0.6.1.tgz",
      "integrity": "sha1-dHIq8y6WFOnCh6jQu95IteLxomM="
    },
    "source-map-support": {
      "version": "0.5.19",
      "resolved": "https://greenlight.jfrog.io/artifactory/api/npm/npm/source-map-support/-/source-map-support-0.5.19.tgz",
      "integrity": "sha1-qYti+G3K9PZzmWSMCFKRq56P7WE=",
      "requires": {
        "buffer-from": "^1.0.0",
        "source-map": "^0.6.0"
      }
    },
    "ts-node": {
      "version": "10.0.0",
      "resolved": "https://greenlight.jfrog.io/artifactory/api/npm/npm/ts-node/-/ts-node-10.0.0.tgz",
      "integrity": "sha1-BfELmnFrC2JBKa1E8OoF2shLo74=",
      "requires": {
        "@tsconfig/node10": "^1.0.7",
        "@tsconfig/node12": "^1.0.7",
        "@tsconfig/node14": "^1.0.0",
        "@tsconfig/node16": "^1.0.1",
        "arg": "^4.1.0",
        "create-require": "^1.1.0",
        "diff": "^4.0.1",
        "make-error": "^1.1.1",
        "source-map-support": "^0.5.17",
        "yn": "3.1.1"
      }
    },
    "tunnel": {
      "version": "0.0.6",
      "resolved": "https://greenlight.jfrog.io/artifactory/api/npm/npm/tunnel/-/tunnel-0.0.6.tgz",
      "integrity": "sha1-cvExSzSlsZLbASMk3yzFh8pH+Sw="
    },
    "typescript": {
      "version": "4.3.3",
      "resolved": "https://greenlight.jfrog.io/artifactory/api/npm/npm/typescript/-/typescript-4.3.3.tgz",
      "integrity": "sha1-VAHbab0yA9rxhRoadNGZyzESwRo="
    },
    "universal-user-agent": {
      "version": "6.0.0",
      "resolved": "https://greenlight.jfrog.io/artifactory/api/npm/npm/universal-user-agent/-/universal-user-agent-6.0.0.tgz",
      "integrity": "sha1-M4H4UDslHA2c0hvB3pOeyd9UgO4="
    },
    "wrappy": {
      "version": "1.0.2",
      "resolved": "https://greenlight.jfrog.io/artifactory/api/npm/npm/wrappy/-/wrappy-1.0.2.tgz",
      "integrity": "sha1-tSQ9jz7BqjXxNkYFvA0QNuMKtp8="
    },
    "yaml": {
      "version": "1.10.2",
      "resolved": "https://greenlight.jfrog.io/artifactory/api/npm/npm/yaml/-/yaml-1.10.2.tgz",
      "integrity": "sha1-IwHF/78StGfejaIzOkWeKeeSDks="
    },
    "yn": {
      "version": "3.1.1",
      "resolved": "https://greenlight.jfrog.io/artifactory/api/npm/npm/yn/-/yn-3.1.1.tgz",
      "integrity": "sha1-HodAGgnXZ8HV6rJqbkwYUYLS61A="
    }
  }
}
